
Microsoft Visual Studio Solution File, Format Version 12.00
# Visual Studio Version 16
VisualStudioVersion = 16.0.30413.136
MinimumVisualStudioVersion = 10.0.40219.1
Project("{FAE04EC0-301F-11D3-BF4B-00C04F79EFBC}") = "wsrtest", "wsrtest.csproj", "{64B27E1A-5AE5-4B7C-B4E0-42482AC69694}"
EndProject
Global
	GlobalSection(SolutionConfigurationPlatforms) = preSolution
		Debug|Any CPU = Debug|Any CPU
		Release|Any CPU = Release|Any CPU
	EndGlobalSection
	GlobalSection(ProjectConfigurationPlatforms) = postSolution
		{64B27E1A-5AE5-4B7C-B4E0-42482AC69694}.Debug|Any CPU.ActiveCfg = Debug|Any CPU
		{64B27E1A-5AE5-4B7C-B4E0-42482AC69694}.Debug|Any CPU.Build.0 = Debug|Any CPU
		{64B27E1A-5AE5-4B7C-B4E0-42482AC69694}.Release|Any CPU.ActiveCfg = Release|Any CPU
		{64B27E1A-5AE5-4B7C-B4E0-42482AC69694}.Release|Any CPU.Build.0 = Release|Any CPU
	EndGlobalSection
	GlobalSection(SolutionProperties) = preSolution
		HideSolutionNode = FALSE
	EndGlobalSection
	GlobalSection(ExtensibilityGlobals) = postSolution
		SolutionGuid = {99E4A49C-6550-4D58-AFC3-1110665E6A16}
	EndGlobalSection
EndGlobal
